
Microsoft Visual Studio Solution File, Format Version 12.00
# Visual Studio Version 17
VisualStudioVersion = 17.4.33103.184
MinimumVisualStudioVersion = 10.0.40219.1
Project("{8BC9CEB8-8B4A-11D0-8D11-00A0C91BC942}") = "Passwort abfrage 09.01.2022", "Passwort abfrage 09.01.2022.vcxproj", "{603C13DA-4AF8-4DB4-A7DF-65592CD4EC44}"
EndProject
Global
	GlobalSection(SolutionConfigurationPlatforms) = preSolution
		Debug|x64 = Debug|x64
		Debug|x86 = Debug|x86
		Release|x64 = Release|x64
		Release|x86 = Release|x86
	EndGlobalSection
	GlobalSection(ProjectConfigurationPlatforms) = postSolution
		{603C13DA-4AF8-4DB4-A7DF-65592CD4EC44}.Debug|x64.ActiveCfg = Debug|x64
		{603C13DA-4AF8-4DB4-A7DF-65592CD4EC44}.Debug|x64.Build.0 = Debug|x64
		{603C13DA-4AF8-4DB4-A7DF-65592CD4EC44}.Debug|x86.ActiveCfg = Debug|Win32
		{603C13DA-4AF8-4DB4-A7DF-65592CD4EC44}.Debug|x86.Build.0 = Debug|Win32
		{603C13DA-4AF8-4DB4-A7DF-65592CD4EC44}.Release|x64.ActiveCfg = Release|x64
		{603C13DA-4AF8-4DB4-A7DF-65592CD4EC44}.Release|x64.Build.0 = Release|x64
		{603C13DA-4AF8-4DB4-A7DF-65592CD4EC44}.Release|x86.ActiveCfg = Release|Win32
		{603C13DA-4AF8-4DB4-A7DF-65592CD4EC44}.Release|x86.Build.0 = Release|Win32
	EndGlobalSection
	GlobalSection(SolutionProperties) = preSolution
		HideSolutionNode = FALSE
	EndGlobalSection
	GlobalSection(ExtensibilityGlobals) = postSolution
		SolutionGuid = {94F16BF4-9160-43B0-9C65-D196CD03DC16}
	EndGlobalSection
EndGlobal
